
Microsoft Visual Studio Solution File, Format Version 12.00
# Visual Studio Version 16
VisualStudioVersion = 16.0.29905.134
MinimumVisualStudioVersion = 10.0.40219.1
Project("{FAE04EC0-301F-11D3-BF4B-00C04F79EFBC}") = "ToDoList", "ToDoList\ToDoList.csproj", "{3A7CE796-8FEC-45EF-8E0B-01A7D7103A24}"
EndProject
Project("{9A19103F-16F7-4668-BE54-9A1E7A4F7556}") = "ToDoList.Database", "ToDoList.Database\ToDoList.Database.csproj", "{8B938E21-7664-47AC-863E-37246C1F7D84}"
EndProject
Project("{9A19103F-16F7-4668-BE54-9A1E7A4F7556}") = "ToDoList.Logic", "ToDoList.Logic\ToDoList.Logic.csproj", "{950506D6-26FD-44AA-9D46-6C1CD1A379AD}"
EndProject
Project("{FAE04EC0-301F-11D3-BF4B-00C04F79EFBC}") = "TestDB", "TestDB\TestDB.csproj", "{9BD57C15-EB98-4002-9C4B-D60D1FC50210}"
EndProject
Global
	GlobalSection(SolutionConfigurationPlatforms) = preSolution
		Debug|Any CPU = Debug|Any CPU
		Release|Any CPU = Release|Any CPU
	EndGlobalSection
	GlobalSection(ProjectConfigurationPlatforms) = postSolution
		{3A7CE796-8FEC-45EF-8E0B-01A7D7103A24}.Debug|Any CPU.ActiveCfg = Debug|Any CPU
		{3A7CE796-8FEC-45EF-8E0B-01A7D7103A24}.Debug|Any CPU.Build.0 = Debug|Any CPU
		{3A7CE796-8FEC-45EF-8E0B-01A7D7103A24}.Release|Any CPU.ActiveCfg = Release|Any CPU
		{3A7CE796-8FEC-45EF-8E0B-01A7D7103A24}.Release|Any CPU.Build.0 = Release|Any CPU
		{8B938E21-7664-47AC-863E-37246C1F7D84}.Debug|Any CPU.ActiveCfg = Debug|Any CPU
		{8B938E21-7664-47AC-863E-37246C1F7D84}.Debug|Any CPU.Build.0 = Debug|Any CPU
		{8B938E21-7664-47AC-863E-37246C1F7D84}.Release|Any CPU.ActiveCfg = Release|Any CPU
		{8B938E21-7664-47AC-863E-37246C1F7D84}.Release|Any CPU.Build.0 = Release|Any CPU
		{950506D6-26FD-44AA-9D46-6C1CD1A379AD}.Debug|Any CPU.ActiveCfg = Debug|Any CPU
		{950506D6-26FD-44AA-9D46-6C1CD1A379AD}.Debug|Any CPU.Build.0 = Debug|Any CPU
		{950506D6-26FD-44AA-9D46-6C1CD1A379AD}.Release|Any CPU.ActiveCfg = Release|Any CPU
		{950506D6-26FD-44AA-9D46-6C1CD1A379AD}.Release|Any CPU.Build.0 = Release|Any CPU
		{9BD57C15-EB98-4002-9C4B-D60D1FC50210}.Debug|Any CPU.ActiveCfg = Debug|Any CPU
		{9BD57C15-EB98-4002-9C4B-D60D1FC50210}.Debug|Any CPU.Build.0 = Debug|Any CPU
		{9BD57C15-EB98-4002-9C4B-D60D1FC50210}.Release|Any CPU.ActiveCfg = Release|Any CPU
		{9BD57C15-EB98-4002-9C4B-D60D1FC50210}.Release|Any CPU.Build.0 = Release|Any CPU
	EndGlobalSection
	GlobalSection(SolutionProperties) = preSolution
		HideSolutionNode = FALSE
	EndGlobalSection
	GlobalSection(ExtensibilityGlobals) = postSolution
		SolutionGuid = {90CCEBE5-4071-4885-AD16-6ACD2EAB0A60}
	EndGlobalSection
EndGlobal
